
Microsoft Visual Studio Solution File, Format Version 12.00
# Visual Studio 15
VisualStudioVersion = 15.0.28010.2046
MinimumVisualStudioVersion = 10.0.40219.1
Project("{FAE04EC0-301F-11D3-BF4B-00C04F79EFBC}") = "AutomatedTestingWorkshop", "AutomatedTestingWorkshop\AutomatedTestingWorkshop.csproj", "{6C2249FE-861C-476F-BA43-1501C8CC63E2}"
EndProject
Global
	GlobalSection(SolutionConfigurationPlatforms) = preSolution
		Debug|Any CPU = Debug|Any CPU
		Release|Any CPU = Release|Any CPU
	EndGlobalSection
	GlobalSection(ProjectConfigurationPlatforms) = postSolution
		{6C2249FE-861C-476F-BA43-1501C8CC63E2}.Debug|Any CPU.ActiveCfg = Debug|Any CPU
		{6C2249FE-861C-476F-BA43-1501C8CC63E2}.Debug|Any CPU.Build.0 = Debug|Any CPU
		{6C2249FE-861C-476F-BA43-1501C8CC63E2}.Release|Any CPU.ActiveCfg = Release|Any CPU
		{6C2249FE-861C-476F-BA43-1501C8CC63E2}.Release|Any CPU.Build.0 = Release|Any CPU
	EndGlobalSection
	GlobalSection(SolutionProperties) = preSolution
		HideSolutionNode = FALSE
	EndGlobalSection
	GlobalSection(ExtensibilityGlobals) = postSolution
		SolutionGuid = {6621DDB8-6FC1-402E-89FE-98D0C5517360}
	EndGlobalSection
EndGlobal
